
Microsoft Visual Studio Solution File, Format Version 12.00
# Visual Studio 15
VisualStudioVersion = 15.0.28307.1231
MinimumVisualStudioVersion = 10.0.40219.1
Project("{9A19103F-16F7-4668-BE54-9A1E7A4F7556}") = "BeingCraftsman.CoverageDemo", "BeingCraftsman.CoverageDemo\BeingCraftsman.CoverageDemo.csproj", "{50FDB567-0AD5-410B-8DBC-7D6317C02365}"
EndProject
Project("{9A19103F-16F7-4668-BE54-9A1E7A4F7556}") = "BeingCraftsman.CoverageDemo.Tests", "BeingCraftsman.CoverageDemo.Tests\BeingCraftsman.CoverageDemo.Tests.csproj", "{FB7906E2-D1CE-4558-B564-03A17CF87060}"
EndProject
Global
	GlobalSection(SolutionConfigurationPlatforms) = preSolution
		Debug|Any CPU = Debug|Any CPU
		Release|Any CPU = Release|Any CPU
	EndGlobalSection
	GlobalSection(ProjectConfigurationPlatforms) = postSolution
		{50FDB567-0AD5-410B-8DBC-7D6317C02365}.Debug|Any CPU.ActiveCfg = Debug|Any CPU
		{50FDB567-0AD5-410B-8DBC-7D6317C02365}.Debug|Any CPU.Build.0 = Debug|Any CPU
		{50FDB567-0AD5-410B-8DBC-7D6317C02365}.Release|Any CPU.ActiveCfg = Release|Any CPU
		{50FDB567-0AD5-410B-8DBC-7D6317C02365}.Release|Any CPU.Build.0 = Release|Any CPU
		{FB7906E2-D1CE-4558-B564-03A17CF87060}.Debug|Any CPU.ActiveCfg = Debug|Any CPU
		{FB7906E2-D1CE-4558-B564-03A17CF87060}.Debug|Any CPU.Build.0 = Debug|Any CPU
		{FB7906E2-D1CE-4558-B564-03A17CF87060}.Release|Any CPU.ActiveCfg = Release|Any CPU
		{FB7906E2-D1CE-4558-B564-03A17CF87060}.Release|Any CPU.Build.0 = Release|Any CPU
	EndGlobalSection
	GlobalSection(SolutionProperties) = preSolution
		HideSolutionNode = FALSE
	EndGlobalSection
	GlobalSection(ExtensibilityGlobals) = postSolution
		SolutionGuid = {C257BEFF-54F2-41CD-A6D8-951F749BAEAF}
	EndGlobalSection
EndGlobal
